
Microsoft Visual Studio Solution File, Format Version 12.00
# Visual Studio Version 16
VisualStudioVersion = 16.0.30907.101
MinimumVisualStudioVersion = 10.0.40219.1
Project("{FAE04EC0-301F-11D3-BF4B-00C04F79EFBC}") = "lab2_BTVN", "lab2_BTVN.csproj", "{BB2044FA-CF02-40D3-9FE7-EA387E65CFA3}"
EndProject
Global
	GlobalSection(SolutionConfigurationPlatforms) = preSolution
		Debug|Any CPU = Debug|Any CPU
		Release|Any CPU = Release|Any CPU
	EndGlobalSection
	GlobalSection(ProjectConfigurationPlatforms) = postSolution
		{BB2044FA-CF02-40D3-9FE7-EA387E65CFA3}.Debug|Any CPU.ActiveCfg = Debug|Any CPU
		{BB2044FA-CF02-40D3-9FE7-EA387E65CFA3}.Debug|Any CPU.Build.0 = Debug|Any CPU
		{BB2044FA-CF02-40D3-9FE7-EA387E65CFA3}.Release|Any CPU.ActiveCfg = Release|Any CPU
		{BB2044FA-CF02-40D3-9FE7-EA387E65CFA3}.Release|Any CPU.Build.0 = Release|Any CPU
	EndGlobalSection
	GlobalSection(SolutionProperties) = preSolution
		HideSolutionNode = FALSE
	EndGlobalSection
	GlobalSection(ExtensibilityGlobals) = postSolution
		SolutionGuid = {BE659CA5-FE80-48E3-9C9D-0A4540533F38}
	EndGlobalSection
EndGlobal
